// !$*UTF8*$!
{
	archiveVersion = 1;
	classes = {
	};
	objectVersion = 52;
	objects = {

/* Begin PBXBuildFile section */
		707A2D732634A202004B3AEE /* Vox_DesignerApp.swift in Sources */ = {isa = PBXBuildFile; fileRef = 707A2D722634A202004B3AEE /* Vox_DesignerApp.swift */; };
		707A2D752634A202004B3AEE /* ContentView.swift in Sources */ = {isa = PBXBuildFile; fileRef = 707A2D742634A202004B3AEE /* ContentView.swift */; };
		707A2D772634A205004B3AEE /* Assets.xcassets in Resources */ = {isa = PBXBuildFile; fileRef = 707A2D762634A205004B3AEE /* Assets.xcassets */; };
		707A2D7A2634A205004B3AEE /* Preview Assets.xcassets in Resources */ = {isa = PBXBuildFile; fileRef = 707A2D792634A205004B3AEE /* Preview Assets.xcassets */; };
		707A2D842634A56F004B3AEE /* AudioKit in Frameworks */ = {isa = PBXBuildFile; productRef = 707A2D832634A56F004B3AEE /* AudioKit */; };
		707A2D872634A783004B3AEE /* Voice Recorder.swift in Sources */ = {isa = PBXBuildFile; fileRef = 707A2D862634A783004B3AEE /* Voice Recorder.swift */; };
		708307D52635F15C007A5481 /* Recorder Controller.swift in Sources */ = {isa = PBXBuildFile; fileRef = 708307D42635F15C007A5481 /* Recorder Controller.swift */; };
		708307D82637A5C6007A5481 /* Voice Recorder View.swift in Sources */ = {isa = PBXBuildFile; fileRef = 708307D72637A5C6007A5481 /* Voice Recorder View.swift */; };
		70C79863263E148100BB90F8 /* RecordingsView.swift in Sources */ = {isa = PBXBuildFile; fileRef = 70C79862263E148100BB90F8 /* RecordingsView.swift */; };
		70C79866263E170000BB90F8 /* RecordingsController.swift in Sources */ = {isa = PBXBuildFile; fileRef = 70C79865263E170000BB90F8 /* RecordingsController.swift */; };
/* End PBXBuildFile section */

/* Begin PBXFileReference section */
		707A2D6F2634A202004B3AEE /* Vox Designer.app */ = {isa = PBXFileReference; explicitFileType = wrapper.application; includeInIndex = 0; path = "Vox Designer.app"; sourceTree = BUILT_PRODUCTS_DIR; };
		707A2D722634A202004B3AEE /* Vox_DesignerApp.swift */ = {isa = PBXFileReference; lastKnownFileType = sourcecode.swift; path = Vox_DesignerApp.swift; sourceTree = "<group>"; };
		707A2D742634A202004B3AEE /* ContentView.swift */ = {isa = PBXFileReference; lastKnownFileType = sourcecode.swift; path = ContentView.swift; sourceTree = "<group>"; };
		707A2D762634A205004B3AEE /* Assets.xcassets */ = {isa = PBXFileReference; lastKnownFileType = folder.assetcatalog; path = Assets.xcassets; sourceTree = "<group>"; };
		707A2D792634A205004B3AEE /* Preview Assets.xcassets */ = {isa = PBXFileReference; lastKnownFileType = folder.assetcatalog; path = "Preview Assets.xcassets"; sourceTree = "<group>"; };
		707A2D7B2634A205004B3AEE /* Info.plist */ = {isa = PBXFileReference; lastKnownFileType = text.plist.xml; path = Info.plist; sourceTree = "<group>"; };
		707A2D862634A783004B3AEE /* Voice Recorder.swift */ = {isa = PBXFileReference; lastKnownFileType = sourcecode.swift; path = "Voice Recorder.swift"; sourceTree = "<group>"; };
		708307D42635F15C007A5481 /* Recorder Controller.swift */ = {isa = PBXFileReference; lastKnownFileType = sourcecode.swift; path = "Recorder Controller.swift"; sourceTree = "<group>"; };
		708307D72637A5C6007A5481 /* Voice Recorder View.swift */ = {isa = PBXFileReference; lastKnownFileType = sourcecode.swift; path = "Voice Recorder View.swift"; sourceTree = "<group>"; };
		70C79862263E148100BB90F8 /* RecordingsView.swift */ = {isa = PBXFileReference; lastKnownFileType = sourcecode.swift; path = RecordingsView.swift; sourceTree = "<group>"; };
		70C79865263E170000BB90F8 /* RecordingsController.swift */ = {isa = PBXFileReference; lastKnownFileType = sourcecode.swift; path = RecordingsController.swift; sourceTree = "<group>"; };
/* End PBXFileReference section */

/* Begin PBXFrameworksBuildPhase section */
		707A2D6C2634A202004B3AEE /* Frameworks */ = {
			isa = PBXFrameworksBuildPhase;
			buildActionMask = 2147483647;
			files = (
				707A2D842634A56F004B3AEE /* AudioKit in Frameworks */,
			);
			runOnlyForDeploymentPostprocessing = 0;
		};
/* End PBXFrameworksBuildPhase section */

/* Begin PBXGroup section */
		707A2D662634A202004B3AEE = {
			isa = PBXGroup;
			children = (
				707A2D712634A202004B3AEE /* Vox Designer */,
				707A2D702634A202004B3AEE /* Products */,
			);
			sourceTree = "<group>";
		};
		707A2D702634A202004B3AEE /* Products */ = {
			isa = PBXGroup;
			children = (
				707A2D6F2634A202004B3AEE /* Vox Designer.app */,
			);
			name = Products;
			sourceTree = "<group>";
		};
		707A2D712634A202004B3AEE /* Vox Designer */ = {
			isa = PBXGroup;
			children = (
				707A2D722634A202004B3AEE /* Vox_DesignerApp.swift */,
				707A2D742634A202004B3AEE /* ContentView.swift */,
				707A2D862634A783004B3AEE /* Voice Recorder.swift */,
				708307D72637A5C6007A5481 /* Voice Recorder View.swift */,
				70C79862263E148100BB90F8 /* RecordingsView.swift */,
				70C79865263E170000BB90F8 /* RecordingsController.swift */,
				708307D42635F15C007A5481 /* Recorder Controller.swift */,
				707A2D762634A205004B3AEE /* Assets.xcassets */,
				707A2D7B2634A205004B3AEE /* Info.plist */,
				707A2D782634A205004B3AEE /* Preview Content */,
			);
			path = "Vox Designer";
			sourceTree = "<group>";
		};
		707A2D782634A205004B3AEE /* Preview Content */ = {
			isa = PBXGroup;
			children = (
				707A2D792634A205004B3AEE /* Preview Assets.xcassets */,
			);
			path = "Preview Content";
			sourceTree = "<group>";
		};
/* End PBXGroup section */

/* Begin PBXNativeTarget section */
		707A2D6E2634A202004B3AEE /* Vox Designer */ = {
			isa = PBXNativeTarget;
			buildConfigurationList = 707A2D7E2634A205004B3AEE /* Build configuration list for PBXNativeTarget "Vox Designer" */;
			buildPhases = (
				707A2D6B2634A202004B3AEE /* Sources */,
				707A2D6C2634A202004B3AEE /* Frameworks */,
				707A2D6D2634A202004B3AEE /* Resources */,
			);
			buildRules = (
			);
			dependencies = (
			);
			name = "Vox Designer";
			packageProductDependencies = (
				707A2D832634A56F004B3AEE /* AudioKit */,
			);
			productName = "Vox Designer";
			productReference = 707A2D6F2634A202004B3AEE /* Vox Designer.app */;
			productType = "com.apple.product-type.application";
		};
/* End PBXNativeTarget section */

/* Begin PBXProject section */
		707A2D672634A202004B3AEE /* Project object */ = {
			isa = PBXProject;
			attributes = {
				LastSwiftUpdateCheck = 1230;
				LastUpgradeCheck = 1230;
				TargetAttributes = {
					707A2D6E2634A202004B3AEE = {
						CreatedOnToolsVersion = 12.3;
					};
				};
			};
			buildConfigurationList = 707A2D6A2634A202004B3AEE /* Build configuration list for PBXProject "Vox Designer" */;
			compatibilityVersion = "Xcode 9.3";
			developmentRegion = en;
			hasScannedForEncodings = 0;
			knownRegions = (
				en,
				Base,
			);
			mainGroup = 707A2D662634A202004B3AEE;
			packageReferences = (
				707A2D822634A56F004B3AEE /* XCRemoteSwiftPackageReference "AudioKit" */,
			);
			productRefGroup = 707A2D702634A202004B3AEE /* Products */;
			projectDirPath = "";
			projectRoot = "";
			targets = (
				707A2D6E2634A202004B3AEE /* Vox Designer */,
			);
		};
/* End PBXProject section */

/* Begin PBXResourcesBuildPhase section */
		707A2D6D2634A202004B3AEE /* Resources */ = {
			isa = PBXResourcesBuildPhase;
			buildActionMask = 2147483647;
			files = (
				707A2D7A2634A205004B3AEE /* Preview Assets.xcassets in Resources */,
				707A2D772634A205004B3AEE /* Assets.xcassets in Resources */,
			);
			runOnlyForDeploymentPostprocessing = 0;
		};
/* End PBXResourcesBuildPhase section */

/* Begin PBXSourcesBuildPhase section */
		707A2D6B2634A202004B3AEE /* Sources */ = {
			isa = PBXSourcesBuildPhase;
			buildActionMask = 2147483647;
			files = (
				70C79866263E170000BB90F8 /* RecordingsController.swift in Sources */,
				707A2D752634A202004B3AEE /* ContentView.swift in Sources */,
				707A2D732634A202004B3AEE /* Vox_DesignerApp.swift in Sources */,
				70C79863263E148100BB90F8 /* RecordingsView.swift in Sources */,
				708307D82637A5C6007A5481 /* Voice Recorder View.swift in Sources */,
				708307D52635F15C007A5481 /* Recorder Controller.swift in Sources */,
				707A2D872634A783004B3AEE /* Voice Recorder.swift in Sources */,
			);
			runOnlyForDeploymentPostprocessing = 0;
		};
/* End PBXSourcesBuildPhase section */

/* Begin XCBuildConfiguration section */
		707A2D7C2634A205004B3AEE /* Debug */ = {
			isa = XCBuildConfiguration;
			buildSettings = {
				ALWAYS_SEARCH_USER_PATHS = NO;
				CLANG_ANALYZER_NONNULL = YES;
				CLANG_ANALYZER_NUMBER_OBJECT_CONVERSION = YES_AGGRESSIVE;
				CLANG_CXX_LANGUAGE_STANDARD = "gnu++14";
				CLANG_CXX_LIBRARY = "libc++";
				CLANG_ENABLE_MODULES = YES;
				CLANG_ENABLE_OBJC_ARC = YES;
				CLANG_ENABLE_OBJC_WEAK = YES;
				CLANG_WARN_BLOCK_CAPTURE_AUTORELEASING = YES;
				CLANG_WARN_BOOL_CONVERSION = YES;
				CLANG_WARN_COMMA = YES;
				CLANG_WARN_CONSTANT_CONVERSION = YES;
				CLANG_WARN_DEPRECATED_OBJC_IMPLEMENTATIONS = YES;
				CLANG_WARN_DIRECT_OBJC_ISA_USAGE = YES_ERROR;
				CLANG_WARN_DOCUMENTATION_COMMENTS = YES;
				CLANG_WARN_EMPTY_BODY = YES;
				CLANG_WARN_ENUM_CONVERSION = YES;
				CLANG_WARN_INFINITE_RECURSION = YES;
				CLANG_WARN_INT_CONVERSION = YES;
				CLANG_WARN_NON_LITERAL_NULL_CONVERSION = YES;
				CLANG_WARN_OBJC_IMPLICIT_RETAIN_SELF = YES;
				CLANG_WARN_OBJC_LITERAL_CONVERSION = YES;
				CLANG_WARN_OBJC_ROOT_CLASS = YES_ERROR;
				CLANG_WARN_QUOTED_INCLUDE_IN_FRAMEWORK_HEADER = YES;
				CLANG_WARN_RANGE_LOOP_ANALYSIS = YES;
				CLANG_WARN_STRICT_PROTOTYPES = YES;
				CLANG_WARN_SUSPICIOUS_MOVE = YES;
				CLANG_WARN_UNGUARDED_AVAILABILITY = YES_AGGRESSIVE;
				CLANG_WARN_UNREACHABLE_CODE = YES;
				CLANG_WARN__DUPLICATE_METHOD_MATCH = YES;
				COPY_PHASE_STRIP = NO;
				DEBUG_INFORMATION_FORMAT = dwarf;
				ENABLE_STRICT_OBJC_MSGSEND = YES;
				ENABLE_TESTABILITY = YES;
				GCC_C_LANGUAGE_STANDARD = gnu11;
				GCC_DYNAMIC_NO_PIC = NO;
				GCC_NO_COMMON_BLOCKS = YES;
				GCC_OPTIMIZATION_LEVEL = 0;
				GCC_PREPROCESSOR_DEFINITIONS = (
					"DEBUG=1",
					"$(inherited)",
				);
				GCC_WARN_64_TO_32_BIT_CONVERSION = YES;
				GCC_WARN_ABOUT_RETURN_TYPE = YES_ERROR;
				GCC_WARN_UNDECLARED_SELECTOR = YES;
				GCC_WARN_UNINITIALIZED_AUTOS = YES_AGGRESSIVE;
				GCC_WARN_UNUSED_FUNCTION = YES;
				GCC_WARN_UNUSED_VARIABLE = YES;
				IPHONEOS_DEPLOYMENT_TARGET = 14.3;
				MTL_ENABLE_DEBUG_INFO = INCLUDE_SOURCE;
				MTL_FAST_MATH = YES;
				ONLY_ACTIVE_ARCH = YES;
				SDKROOT = iphoneos;
				SWIFT_ACTIVE_COMPILATION_CONDITIONS = DEBUG;
				SWIFT_OPTIMIZATION_LEVEL = "-Onone";
			};
			name = Debug;
		};
		707A2D7D2634A205004B3AEE /* Release */ = {
			isa = XCBuildConfiguration;
			buildSettings = {
				ALWAYS_SEARCH_USER_PATHS = NO;
				CLANG_ANALYZER_NONNULL = YES;
				CLANG_ANALYZER_NUMBER_OBJECT_CONVERSION = YES_AGGRESSIVE;
				CLANG_CXX_LANGUAGE_STANDARD = "gnu++14";
				CLANG_CXX_LIBRARY = "libc++";
				CLANG_ENABLE_MODULES = YES;
				CLANG_ENABLE_OBJC_ARC = YES;
				CLANG_ENABLE_OBJC_WEAK = YES;
				CLANG_WARN_BLOCK_CAPTURE_AUTORELEASING = YES;
				CLANG_WARN_BOOL_CONVERSION = YES;
				CLANG_WARN_COMMA = YES;
				CLANG_WARN_CONSTANT_CONVERSION = YES;
				CLANG_WARN_DEPRECATED_OBJC_IMPLEMENTATIONS = YES;
				CLANG_WARN_DIRECT_OBJC_ISA_USAGE = YES_ERROR;
				CLANG_WARN_DOCUMENTATION_COMMENTS = YES;
				CLANG_WARN_EMPTY_BODY = YES;
				CLANG_WARN_ENUM_CONVERSION = YES;
				CLANG_WARN_INFINITE_RECURSION = YES;
				CLANG_WARN_INT_CONVERSION = YES;
				CLANG_WARN_NON_LITERAL_NULL_CONVERSION = YES;
				CLANG_WARN_OBJC_IMPLICIT_RETAIN_SELF = YES;
				CLANG_WARN_OBJC_LITERAL_CONVERSION = YES;
				CLANG_WARN_OBJC_ROOT_CLASS = YES_ERROR;
				CLANG_WARN_QUOTED_INCLUDE_IN_FRAMEWORK_HEADER = YES;
				CLANG_WARN_RANGE_LOOP_ANALYSIS = YES;
				CLANG_WARN_STRICT_PROTOTYPES = YES;
				CLANG_WARN_SUSPICIOUS_MOVE = YES;
				CLANG_WARN_UNGUARDED_AVAILABILITY = YES_AGGRESSIVE;
				CLANG_WARN_UNREACHABLE_CODE = YES;
				CLANG_WARN__DUPLICATE_METHOD_MATCH = YES;
				COPY_PHASE_STRIP = NO;
				DEBUG_INFORMATION_FORMAT = "dwarf-with-dsym";
				ENABLE_NS_ASSERTIONS = NO;
				ENABLE_STRICT_OBJC_MSGSEND = YES;
				GCC_C_LANGUAGE_STANDARD = gnu11;
				GCC_NO_COMMON_BLOCKS = YES;
				GCC_WARN_64_TO_32_BIT_CONVERSION = YES;
				GCC_WARN_ABOUT_RETURN_TYPE = YES_ERROR;
				GCC_WARN_UNDECLARED_SELECTOR = YES;
				GCC_WARN_UNINITIALIZED_AUTOS = YES_AGGRESSIVE;
				GCC_WARN_UNUSED_FUNCTION = YES;
				GCC_WARN_UNUSED_VARIABLE = YES;
				IPHONEOS_DEPLOYMENT_TARGET = 14.3;
				MTL_ENABLE_DEBUG_INFO = NO;
				MTL_FAST_MATH = YES;
				SDKROOT = iphoneos;
				SWIFT_COMPILATION_MODE = wholemodule;
				SWIFT_OPTIMIZATION_LEVEL = "-O";
				VALIDATE_PRODUCT = YES;
			};
			name = Release;
		};
		707A2D7F2634A205004B3AEE /* Debug */ = {
			isa = XCBuildConfiguration;
			buildSettings = {
				ASSETCATALOG_COMPILER_APPICON_NAME = AppIcon;
				ASSETCATALOG_COMPILER_GLOBAL_ACCENT_COLOR_NAME = AccentColor;
				CODE_SIGN_STYLE = Automatic;
				DEVELOPMENT_ASSET_PATHS = "\"Vox Designer/Preview Content\"";
				DEVELOPMENT_TEAM = 6Z55NJ5BR8;
				ENABLE_PREVIEWS = YES;
				INFOPLIST_FILE = "Vox Designer/Info.plist";
				IPHONEOS_DEPLOYMENT_TARGET = 14.0;
				LD_RUNPATH_SEARCH_PATHS = (
					"$(inherited)",
					"@executable_path/Frameworks",
				);
				PRODUCT_BUNDLE_IDENTIFIER = "edu.berklee.sganesh.Vox-Designer";
				PRODUCT_NAME = "$(TARGET_NAME)";
				SWIFT_VERSION = 5.0;
				TARGETED_DEVICE_FAMILY = "1,2";
			};
			name = Debug;
		};
		707A2D802634A205004B3AEE /* Release */ = {
			isa = XCBuildConfiguration;
			buildSettings = {
				ASSETCATALOG_COMPILER_APPICON_NAME = AppIcon;
				ASSETCATALOG_COMPILER_GLOBAL_ACCENT_COLOR_NAME = AccentColor;
				CODE_SIGN_STYLE = Automatic;
				DEVELOPMENT_ASSET_PATHS = "\"Vox Designer/Preview Content\"";
				DEVELOPMENT_TEAM = 6Z55NJ5BR8;
				ENABLE_PREVIEWS = YES;
				INFOPLIST_FILE = "Vox Designer/Info.plist";
				IPHONEOS_DEPLOYMENT_TARGET = 14.0;
				LD_RUNPATH_SEARCH_PATHS = (
					"$(inherited)",
					"@executable_path/Frameworks",
				);
				PRODUCT_BUNDLE_IDENTIFIER = "edu.berklee.sganesh.Vox-Designer";
				PRODUCT_NAME = "$(TARGET_NAME)";
				SWIFT_VERSION = 5.0;
				TARGETED_DEVICE_FAMILY = "1,2";
			};
			name = Release;
		};
/* End XCBuildConfiguration section */

/* Begin XCConfigurationList section */
		707A2D6A2634A202004B3AEE /* Build configuration list for PBXProject "Vox Designer" */ = {
			isa = XCConfigurationList;
			buildConfigurations = (
				707A2D7C2634A205004B3AEE /* Debug */,
				707A2D7D2634A205004B3AEE /* Release */,
			);
			defaultConfigurationIsVisible = 0;
			defaultConfigurationName = Release;
		};
		707A2D7E2634A205004B3AEE /* Build configuration list for PBXNativeTarget "Vox Designer" */ = {
			isa = XCConfigurationList;
			buildConfigurations = (
				707A2D7F2634A205004B3AEE /* Debug */,
				707A2D802634A205004B3AEE /* Release */,
			);
			defaultConfigurationIsVisible = 0;
			defaultConfigurationName = Release;
		};
/* End XCConfigurationList section */

/* Begin XCRemoteSwiftPackageReference section */
		707A2D822634A56F004B3AEE /* XCRemoteSwiftPackageReference "AudioKit" */ = {
			isa = XCRemoteSwiftPackageReference;
			repositoryURL = "https://github.com/AudioKit/AudioKit";
			requirement = {
				branch = "v5-main";
				kind = branch;
			};
		};
/* End XCRemoteSwiftPackageReference section */

/* Begin XCSwiftPackageProductDependency section */
		707A2D832634A56F004B3AEE /* AudioKit */ = {
			isa = XCSwiftPackageProductDependency;
			package = 707A2D822634A56F004B3AEE /* XCRemoteSwiftPackageReference "AudioKit" */;
			productName = AudioKit;
		};
/* End XCSwiftPackageProductDependency section */
	};
	rootObject = 707A2D672634A202004B3AEE /* Project object */;
}
